
Microsoft Visual Studio Solution File, Format Version 12.00
# Visual Studio Version 17
VisualStudioVersion = 17.6.33706.43
MinimumVisualStudioVersion = 10.0.40219.1
Project("{9A19103F-16F7-4668-BE54-9A1E7A4F7556}") = "AutoFixture.Demo", "AutoFixture.Demo\AutoFixture.Demo.csproj", "{25419EF6-FE2C-4044-A720-F654C53F84A1}"
EndProject
Project("{9A19103F-16F7-4668-BE54-9A1E7A4F7556}") = "AutoFixture.Demo.Customizations", "AutoFixture.Demo.Customizations\AutoFixture.Demo.Customizations.csproj", "{5302BBE6-3447-44D5-928C-4C4FBA9ED152}"
EndProject
Project("{9A19103F-16F7-4668-BE54-9A1E7A4F7556}") = "AutoFixture.Demo.Tests", "AutoFixture.Demo.Tests\AutoFixture.Demo.Tests.csproj", "{67278EDE-9CC5-42FB-ACCE-C481D6542144}"
EndProject
Project("{9A19103F-16F7-4668-BE54-9A1E7A4F7556}") = "AutoFixture.Demo.Core", "AutoFixture.Demo.Core\AutoFixture.Demo.Core.csproj", "{AB8A0E38-5172-4E03-B08E-FB50AE596911}"
EndProject
Project("{2150E333-8FDC-42A3-9474-1A3956D46DE8}") = "Solution Items", "Solution Items", "{E54AE380-1754-412B-B1DD-1EF44F49BF4A}"
	ProjectSection(SolutionItems) = preProject
		Directory.build.props = Directory.build.props
	EndProjectSection
EndProject
Global
	GlobalSection(SolutionConfigurationPlatforms) = preSolution
		Debug|Any CPU = Debug|Any CPU
		Release|Any CPU = Release|Any CPU
	EndGlobalSection
	GlobalSection(ProjectConfigurationPlatforms) = postSolution
		{25419EF6-FE2C-4044-A720-F654C53F84A1}.Debug|Any CPU.ActiveCfg = Debug|Any CPU
		{25419EF6-FE2C-4044-A720-F654C53F84A1}.Debug|Any CPU.Build.0 = Debug|Any CPU
		{25419EF6-FE2C-4044-A720-F654C53F84A1}.Release|Any CPU.ActiveCfg = Release|Any CPU
		{25419EF6-FE2C-4044-A720-F654C53F84A1}.Release|Any CPU.Build.0 = Release|Any CPU
		{5302BBE6-3447-44D5-928C-4C4FBA9ED152}.Debug|Any CPU.ActiveCfg = Debug|Any CPU
		{5302BBE6-3447-44D5-928C-4C4FBA9ED152}.Debug|Any CPU.Build.0 = Debug|Any CPU
		{5302BBE6-3447-44D5-928C-4C4FBA9ED152}.Release|Any CPU.ActiveCfg = Release|Any CPU
		{5302BBE6-3447-44D5-928C-4C4FBA9ED152}.Release|Any CPU.Build.0 = Release|Any CPU
		{67278EDE-9CC5-42FB-ACCE-C481D6542144}.Debug|Any CPU.ActiveCfg = Debug|Any CPU
		{67278EDE-9CC5-42FB-ACCE-C481D6542144}.Debug|Any CPU.Build.0 = Debug|Any CPU
		{67278EDE-9CC5-42FB-ACCE-C481D6542144}.Release|Any CPU.ActiveCfg = Release|Any CPU
		{67278EDE-9CC5-42FB-ACCE-C481D6542144}.Release|Any CPU.Build.0 = Release|Any CPU
		{AB8A0E38-5172-4E03-B08E-FB50AE596911}.Debug|Any CPU.ActiveCfg = Debug|Any CPU
		{AB8A0E38-5172-4E03-B08E-FB50AE596911}.Debug|Any CPU.Build.0 = Debug|Any CPU
		{AB8A0E38-5172-4E03-B08E-FB50AE596911}.Release|Any CPU.ActiveCfg = Release|Any CPU
		{AB8A0E38-5172-4E03-B08E-FB50AE596911}.Release|Any CPU.Build.0 = Release|Any CPU
	EndGlobalSection
	GlobalSection(SolutionProperties) = preSolution
		HideSolutionNode = FALSE
	EndGlobalSection
	GlobalSection(ExtensibilityGlobals) = postSolution
		SolutionGuid = {669DFE49-2D65-491F-B135-6727E878EF15}
	EndGlobalSection
EndGlobal
